# This file is autogenerated, do not edit; changes may be undone by the next 'dep ensure'.


[[projects]]
  name = "cloud.google.com/go"
  packages = ["compute/metadata"]
  revision = "eaddaf6dd7ee35fd3c2420c8d27478db176b0485"
  version = "v0.15.0"

[[projects]]
  branch = "master"
  name = "github.com/AliyunContainerService/alicloud-controller-manager"
  packages = ["alicloud"]
  revision = "5dd731dbd5a4d0cf48dc3e4d05a2be9dc1038861"

[[projects]]
  name = "github.com/Azure/azure-sdk-for-go"
  packages = ["arm/compute","arm/disk","arm/network","arm/storage","storage"]
  revision = "509eea43b93cec2f3f17acbe2578ef58703923f8"
  version = "v11.1.1-beta"

[[projects]]
  name = "github.com/Azure/go-autorest"
  packages = ["autorest","autorest/adal","autorest/azure","autorest/date","autorest/to","autorest/validation"]
  revision = "7aa5b8a6f18b5c15910c767ab005fc4585221177"
  version = "v9.1.1"

[[projects]]
  name = "github.com/PuerkitoBio/purell"
  packages = ["."]
  revision = "0bcb03f4b4d0a9428594752bd2a3b9aa0a9d4bd4"
  version = "v1.1.0"

[[projects]]
  branch = "master"
  name = "github.com/PuerkitoBio/urlesc"
  packages = ["."]
  revision = "de5bf2ad457846296e2031421a34e2568e304e35"

[[projects]]
  name = "github.com/aws/aws-sdk-go"
  packages = ["aws","aws/awserr","aws/awsutil","aws/client","aws/client/metadata","aws/corehandlers","aws/credentials","aws/credentials/ec2rolecreds","aws/credentials/endpointcreds","aws/credentials/stscreds","aws/defaults","aws/ec2metadata","aws/endpoints","aws/request","aws/session","aws/signer/v4","internal/shareddefaults","private/protocol","private/protocol/ec2query","private/protocol/json/jsonutil","private/protocol/jsonrpc","private/protocol/query","private/protocol/query/queryutil","private/protocol/rest","private/protocol/xml/xmlutil","service/autoscaling","service/ec2","service/ecr","service/elb","service/kms","service/sts"]
  revision = "f426770fd5a4bae6186b280d4af7dca83a4cdef4"
  version = "v1.12.17"

[[projects]]
  branch = "master"
  name = "github.com/beorn7/perks"
  packages = ["quantile"]
  revision = "4c0e84591b9aa9e6dcfdf3e020114cd81f89d5f9"

[[projects]]
  branch = "master"
  name = "github.com/d2g/dhcp4"
  packages = ["."]
  revision = "a1d1b6c41b1ce8a71a5121a9cee31809c4707d9c"

[[projects]]
  branch = "master"
  name = "github.com/d2g/dhcp4client"
  packages = ["."]
  revision = "6e570ed0a266b730a860ba1068090f683b2c213a"

[[projects]]
  name = "github.com/davecgh/go-spew"
  packages = ["spew"]
  revision = "346938d642f2ec3594ed81d874461961cd0faa76"
  version = "v1.1.0"

[[projects]]
  branch = "master"
  name = "github.com/denverdino/aliyungo"
  packages = ["common","ecs","metadata","slb","util"]
  revision = "199fa376135951b938a53634048bb32e5dc823c1"

[[projects]]
  name = "github.com/dgrijalva/jwt-go"
  packages = ["."]
  revision = "dbeaa9332f19a944acb5736b4456cfcc02140e29"
  version = "v3.1.0"

[[projects]]
  branch = "master"
  name = "github.com/docker/distribution"
  packages = ["digestset","reference"]
  revision = "3800056b8832cf6075e78b282ac010131d8687bc"

[[projects]]
  name = "github.com/docker/docker"
  packages = ["api/types","api/types/blkiodev","api/types/container","api/types/filters","api/types/mount","api/types/network","api/types/registry","api/types/strslice","api/types/swarm","api/types/versions"]
  revision = "092cba3727bb9b4a2f0e922cd6c0f93ea270e363"
  version = "v1.13.1"

[[projects]]
  name = "github.com/docker/go-connections"
  packages = ["nat"]
  revision = "3ede32e2033de7505e6500d6c868c2b9ed9f169d"
  version = "v0.3.0"

[[projects]]
  name = "github.com/docker/go-units"
  packages = ["."]
  revision = "0dadbb0345b35ec7ef35e228dabb8de89a65bf52"
  version = "v0.3.2"

[[projects]]
  name = "github.com/emicklei/go-restful"
  packages = [".","log"]
  revision = "5741799b275a3c4a5a9623a993576d7545cf7b5c"
  version = "v2.4.0"

[[projects]]
  name = "github.com/emicklei/go-restful-swagger12"
  packages = ["."]
  revision = "dcef7f55730566d41eae5db10e7d6981829720f6"
  version = "1.0.1"

[[projects]]
  name = "github.com/ghodss/yaml"
  packages = ["."]
  revision = "0ca9ea5df5451ffdf184b4428c902747c2c11cd7"
  version = "v1.0.0"

[[projects]]
  name = "github.com/go-ini/ini"
  packages = ["."]
  revision = "5b3e00af70a9484542169a976dcab8d03e601a17"
  version = "v1.30.0"

[[projects]]
  branch = "master"
  name = "github.com/go-openapi/jsonpointer"
  packages = ["."]
  revision = "779f45308c19820f1a69e9a4cd965f496e0da10f"

[[projects]]
  branch = "master"
  name = "github.com/go-openapi/jsonreference"
  packages = ["."]
  revision = "36d33bfe519efae5632669801b180bf1a245da3b"

[[projects]]
  branch = "master"
  name = "github.com/go-openapi/spec"
  packages = ["."]
  revision = "84b5bee7bcb76f3d17bcbaf421bac44bd5709ca6"

[[projects]]
  branch = "master"
  name = "github.com/go-openapi/swag"
  packages = ["."]
  revision = "f3f9494671f93fcff853e3c6e9e948b3eb71e590"

[[projects]]
  name = "github.com/gogo/protobuf"
  packages = ["proto","sortkeys"]
  revision = "342cbe0a04158f6dcb03ca0079991a51a4248c02"
  version = "v0.5"

[[projects]]
  branch = "master"
  name = "github.com/golang/glog"
  packages = ["."]
  revision = "23def4e6c14b4da8ac2ed8007337bc5eb5007998"

[[projects]]
  branch = "master"
  name = "github.com/golang/groupcache"
  packages = ["lru"]
  revision = "b710c8433bd175204919eb38776e944233235d03"

[[projects]]
  branch = "master"
  name = "github.com/golang/protobuf"
  packages = ["proto","ptypes","ptypes/any","ptypes/duration","ptypes/timestamp"]
  revision = "1643683e1b54a9e88ad26d98f81400c8c9d9f4f9"

[[projects]]
  branch = "master"
  name = "github.com/google/btree"
  packages = ["."]
  revision = "316fb6d3f031ae8f4d457c6c5186b9e3ded70435"

[[projects]]
  branch = "master"
  name = "github.com/google/gofuzz"
  packages = ["."]
  revision = "24818f796faf91cd76ec7bddd72458fbced7a6c1"

[[projects]]
  name = "github.com/googleapis/gnostic"
  packages = ["OpenAPIv2","compiler","extensions"]
  revision = "ee43cbb60db7bd22502942cccbc39059117352ab"
  version = "v0.1.0"

[[projects]]
  branch = "master"
  name = "github.com/gophercloud/gophercloud"
  packages = [".","openstack","openstack/blockstorage/v1/apiversions","openstack/blockstorage/v1/volumes","openstack/blockstorage/v2/volumes","openstack/common/extensions","openstack/compute/v2/extensions/attachinterfaces","openstack/compute/v2/extensions/volumeattach","openstack/compute/v2/flavors","openstack/compute/v2/images","openstack/compute/v2/servers","openstack/identity/v2/tenants","openstack/identity/v2/tokens","openstack/identity/v3/extensions/trusts","openstack/identity/v3/tokens","openstack/networking/v2/extensions","openstack/networking/v2/extensions/layer3/floatingips","openstack/networking/v2/extensions/layer3/routers","openstack/networking/v2/extensions/lbaas/members","openstack/networking/v2/extensions/lbaas/monitors","openstack/networking/v2/extensions/lbaas/pools","openstack/networking/v2/extensions/lbaas/vips","openstack/networking/v2/extensions/lbaas_v2/listeners","openstack/networking/v2/extensions/lbaas_v2/loadbalancers","openstack/networking/v2/extensions/lbaas_v2/monitors","openstack/networking/v2/extensions/lbaas_v2/pools","openstack/networking/v2/extensions/security/groups","openstack/networking/v2/extensions/security/rules","openstack/networking/v2/ports","openstack/utils","pagination"]
  revision = "93c69ad0c04df408bcce4695b08d47fab4006bf1"

[[projects]]
  branch = "master"
  name = "github.com/gregjones/httpcache"
  packages = [".","diskcache"]
  revision = "c1f8028e62adb3d518b823a2f8e6a95c38bdd3aa"

[[projects]]
  branch = "master"
  name = "github.com/hashicorp/golang-lru"
  packages = [".","simplelru"]
  revision = "0a025b7e63adc15a622f29b0b2c4c3848243bbf6"

[[projects]]
  branch = "master"
  name = "github.com/howeyc/gopass"
  packages = ["."]
  revision = "bf9dde6d0d2c004a008c27aaee91170c786f6db8"

[[projects]]
  name = "github.com/imdario/mergo"
  packages = ["."]
  revision = "7fe0c75c13abdee74b09fcacef5ea1c6bba6a874"
  version = "0.2.4"

[[projects]]
  name = "github.com/inconshreveable/mousetrap"
  packages = ["."]
  revision = "76626ae9c91c4f2a10f34cad8ce83ea42c93bb75"
  version = "v1.0"

[[projects]]
  name = "github.com/jmespath/go-jmespath"
  packages = ["."]
  revision = "0b12d6b5"

[[projects]]
  name = "github.com/json-iterator/go"
  packages = ["."]
  revision = "6240e1e7983a85228f7fd9c3e1b6932d46ec58e2"
  version = "1.0.3"

[[projects]]
  branch = "master"
  name = "github.com/juju/ratelimit"
  packages = ["."]
  revision = "5b9ff866471762aa2ab2dced63c9fb6f53921342"

[[projects]]
  branch = "master"
  name = "github.com/kardianos/osext"
  packages = ["."]
  revision = "ae77be60afb1dcacde03767a8c37337fad28ac14"

[[projects]]
  branch = "master"
  name = "github.com/mailru/easyjson"
  packages = ["buffer","jlexer","jwriter"]
  revision = "4d347d79dea0067c945f374f990601decb08abb5"

[[projects]]
  name = "github.com/matttproud/golang_protobuf_extensions"
  packages = ["pbutil"]
  revision = "3247c84500bff8d9fb6d579d800f20b3e091582c"
  version = "v1.0.0"

[[projects]]
  branch = "master"
  name = "github.com/mitchellh/mapstructure"
  packages = ["."]
  revision = "06020f85339e21b2478f756a78e295255ffa4d6a"

[[projects]]
  name = "github.com/opencontainers/go-digest"
  packages = ["."]
  revision = "279bed98673dd5bef374d3b6e4b09e2af76183bf"
  version = "v1.0.0-rc1"

[[projects]]
  branch = "master"
  name = "github.com/petar/GoLLRB"
  packages = ["llrb"]
  revision = "53be0d36a84c2a886ca057d34b6aa4468df9ccb4"

[[projects]]
  name = "github.com/peterbourgon/diskv"
  packages = ["."]
  revision = "5f041e8faa004a95c88a202771f4cc3e991971e6"
  version = "v2.0.1"

[[projects]]
  name = "github.com/prometheus/client_golang"
  packages = ["prometheus"]
  revision = "c5b7fccd204277076155f10851dad72b76a49317"
  version = "v0.8.0"

[[projects]]
  branch = "master"
  name = "github.com/prometheus/client_model"
  packages = ["go"]
  revision = "6f3806018612930941127f2a7c6c453ba2c527d2"

[[projects]]
  branch = "master"
  name = "github.com/prometheus/common"
  packages = ["expfmt","internal/bitbucket.org/ww/goautoneg","model"]
  revision = "1bab55dd05dbff384524a6a1c99006d9eb5f139b"

[[projects]]
  branch = "master"
  name = "github.com/prometheus/procfs"
  packages = [".","xfs"]
  revision = "a6e9df898b1336106c743392c48ee0b71f5c4efa"

[[projects]]
  branch = "master"
  name = "github.com/rackspace/gophercloud"
  packages = [".","openstack","openstack/blockstorage/v1/volumes","openstack/compute/v2/extensions/bootfromvolume","openstack/compute/v2/extensions/diskconfig","openstack/compute/v2/extensions/volumeattach","openstack/compute/v2/flavors","openstack/compute/v2/images","openstack/compute/v2/servers","openstack/identity/v2/tenants","openstack/identity/v2/tokens","openstack/identity/v3/tokens","openstack/utils","pagination","rackspace","rackspace/blockstorage/v1/volumes","rackspace/compute/v2/servers","rackspace/compute/v2/volumeattach","rackspace/identity/v2/tokens","testhelper","testhelper/client"]
  revision = "e00690e87603abe613e9f02c816c7c4bef82e063"

[[projects]]
  branch = "master"
  name = "github.com/rubiojr/go-vhd"
  packages = ["vhd"]
  revision = "0bfd3b39853cdde5762efda92289f14b0ac0491b"

[[projects]]
  name = "github.com/satori/uuid"
  packages = ["."]
  revision = "879c5887cd475cd7864858769793b2ceb0d44feb"
  version = "v1.1.0"

[[projects]]
  name = "github.com/spf13/cobra"
  packages = ["."]
  revision = "7b2c5ac9fc04fc5efafb60700713d4fa609b777b"
  version = "v0.0.1"

[[projects]]
  name = "github.com/spf13/pflag"
  packages = ["."]
  revision = "e57e3eeb33f795204c1ca35f56c44f83227c6e66"
  version = "v1.0.0"

[[projects]]
  name = "github.com/vmware/govmomi"
  packages = [".","find","list","object","pbm","pbm/methods","pbm/types","property","session","task","vim25","vim25/debug","vim25/methods","vim25/mo","vim25/progress","vim25/soap","vim25/types","vim25/xml"]
  revision = "b63044e5f833781eb7b305bc035392480ee06a82"
  version = "v0.15.0"

[[projects]]
  branch = "master"
  name = "github.com/vmware/photon-controller-go-sdk"
  packages = ["SSPI","photon","photon/lightwave"]
  revision = "e3620ad3ad39dcb965dee64917d8880475a95e77"

[[projects]]
  name = "github.com/xanzy/go-cloudstack"
  packages = ["cloudstack"]
  revision = "c815114af88405d9a8464cab25b71af3b38547c9"
  version = "v2.2.0"

[[projects]]
  branch = "master"
  name = "golang.org/x/crypto"
  packages = ["nacl/secretbox","pkcs12","pkcs12/internal/rc2","poly1305","salsa20/salsa","ssh/terminal"]
  revision = "2509b142fb2b797aa7587dad548f113b2c0f20ce"

[[projects]]
  branch = "master"
  name = "golang.org/x/net"
  packages = ["context","context/ctxhttp","http2","http2/hpack","idna","lex/httplex"]
  revision = "4b14673ba32bee7f5ac0f990a48f033919fd418b"

[[projects]]
  branch = "master"
  name = "golang.org/x/oauth2"
  packages = [".","google","internal","jws","jwt"]
  revision = "bb50c06baba3d0c76f9d125c0719093e315b5b44"

[[projects]]
  branch = "master"
  name = "golang.org/x/sys"
  packages = ["unix","windows"]
  revision = "a1a1f1746d156bbc9954f29134b20ed4ce2752f1"

[[projects]]
  branch = "master"
  name = "golang.org/x/text"
  packages = ["collate","collate/build","internal/colltab","internal/gen","internal/tag","internal/triegen","internal/ucd","language","secure/bidirule","transform","unicode/bidi","unicode/cldr","unicode/norm","unicode/rangetable","width"]
  revision = "6eab0e8f74e86c598ec3b6fad4888e0c11482d48"

[[projects]]
  branch = "master"
  name = "google.golang.org/api"
  packages = ["cloudkms/v1","compute/v0.alpha","compute/v0.beta","compute/v1","container/v1","gensupport","googleapi","googleapi/internal/uritemplates"]
  revision = "52fedcc3d56e51c5f1a571d48092238ab2746c73"

[[projects]]
  name = "google.golang.org/appengine"
  packages = [".","internal","internal/app_identity","internal/base","internal/datastore","internal/log","internal/modules","internal/remote_api","internal/urlfetch","urlfetch"]
  revision = "150dc57a1b433e64154302bdc40b6bb8aefa313a"
  version = "v1.0.0"

[[projects]]
  name = "gopkg.in/gcfg.v1"
  packages = [".","scanner","token","types"]
  revision = "298b7a6a3838f79debfaee8bd3bfb2b8d779e756"
  version = "v1.2.1"

[[projects]]
  name = "gopkg.in/inf.v0"
  packages = ["."]
  revision = "3887ee99ecf07df5b447e9b00d9c0b2adaa9f3e4"
  version = "v0.9.0"

[[projects]]
  name = "gopkg.in/warnings.v0"
  packages = ["."]
  revision = "8a331561fe74dadba6edfc59f3be66c22c3b065d"
  version = "v0.1.1"

[[projects]]
  branch = "v2"
  name = "gopkg.in/yaml.v2"
  packages = ["."]
  revision = "eb3733d160e74a9c7e442f435eb3bea458e1d19f"

[[projects]]
  name = "k8s.io/api"
  packages = ["admissionregistration/v1alpha1","apps/v1beta1","apps/v1beta2","authentication/v1","authentication/v1beta1","authorization/v1","authorization/v1beta1","autoscaling/v1","autoscaling/v2beta1","batch/v1","batch/v1beta1","batch/v2alpha1","certificates/v1beta1","core/v1","extensions/v1beta1","networking/v1","policy/v1beta1","rbac/v1","rbac/v1alpha1","rbac/v1beta1","scheduling/v1alpha1","settings/v1alpha1","storage/v1","storage/v1beta1"]
  revision = "6c6dac0277229b9e9578c5ca3f74a4345d35cdc2"

[[projects]]
  branch = "master"
  name = "k8s.io/apiextensions-apiserver"
  packages = ["pkg/features"]
  revision = "83f1a7e2b8384c17fb102b6616e08825ad12992d"

[[projects]]
  name = "k8s.io/apimachinery"
  packages = ["pkg/api/equality","pkg/api/errors","pkg/api/meta","pkg/api/resource","pkg/api/validation","pkg/apimachinery","pkg/apimachinery/announced","pkg/apimachinery/registered","pkg/apis/meta/internalversion","pkg/apis/meta/v1","pkg/apis/meta/v1/unstructured","pkg/apis/meta/v1/validation","pkg/apis/meta/v1alpha1","pkg/conversion","pkg/conversion/queryparams","pkg/conversion/unstructured","pkg/fields","pkg/labels","pkg/runtime","pkg/runtime/schema","pkg/runtime/serializer","pkg/runtime/serializer/json","pkg/runtime/serializer/protobuf","pkg/runtime/serializer/recognizer","pkg/runtime/serializer/streaming","pkg/runtime/serializer/versioning","pkg/selection","pkg/types","pkg/util/cache","pkg/util/clock","pkg/util/diff","pkg/util/errors","pkg/util/framer","pkg/util/intstr","pkg/util/json","pkg/util/mergepatch","pkg/util/net","pkg/util/rand","pkg/util/runtime","pkg/util/sets","pkg/util/strategicpatch","pkg/util/validation","pkg/util/validation/field","pkg/util/wait","pkg/util/yaml","pkg/version","pkg/watch","third_party/forked/golang/json","third_party/forked/golang/reflect"]
  revision = "019ae5ada31de202164b118aee88ee2d14075c31"

[[projects]]
  name = "k8s.io/apiserver"
  packages = ["pkg/authentication/authenticator","pkg/authentication/serviceaccount","pkg/authentication/user","pkg/features","pkg/server/healthz","pkg/server/options/encryptionconfig","pkg/storage/value","pkg/storage/value/encrypt/aes","pkg/storage/value/encrypt/envelope","pkg/storage/value/encrypt/identity","pkg/storage/value/encrypt/secretbox","pkg/util/feature","pkg/util/flag","pkg/util/logs"]
  revision = "a35277792fddcf69f8cbbb8a9cb7727b23077409"

[[projects]]
  name = "k8s.io/client-go"
  packages = ["discovery","informers","informers/admissionregistration","informers/admissionregistration/v1alpha1","informers/apps","informers/apps/v1beta1","informers/apps/v1beta2","informers/autoscaling","informers/autoscaling/v1","informers/autoscaling/v2beta1","informers/batch","informers/batch/v1","informers/batch/v1beta1","informers/batch/v2alpha1","informers/certificates","informers/certificates/v1beta1","informers/core","informers/core/v1","informers/extensions","informers/extensions/v1beta1","informers/internalinterfaces","informers/networking","informers/networking/v1","informers/policy","informers/policy/v1beta1","informers/rbac","informers/rbac/v1","informers/rbac/v1alpha1","informers/rbac/v1beta1","informers/scheduling","informers/scheduling/v1alpha1","informers/settings","informers/settings/v1alpha1","informers/storage","informers/storage/v1","informers/storage/v1beta1","kubernetes","kubernetes/scheme","kubernetes/typed/admissionregistration/v1alpha1","kubernetes/typed/apps/v1beta1","kubernetes/typed/apps/v1beta2","kubernetes/typed/authentication/v1","kubernetes/typed/authentication/v1beta1","kubernetes/typed/authorization/v1","kubernetes/typed/authorization/v1beta1","kubernetes/typed/autoscaling/v1","kubernetes/typed/autoscaling/v2beta1","kubernetes/typed/batch/v1","kubernetes/typed/batch/v1beta1","kubernetes/typed/batch/v2alpha1","kubernetes/typed/certificates/v1beta1","kubernetes/typed/core/v1","kubernetes/typed/extensions/v1beta1","kubernetes/typed/networking/v1","kubernetes/typed/policy/v1beta1","kubernetes/typed/rbac/v1","kubernetes/typed/rbac/v1alpha1","kubernetes/typed/rbac/v1beta1","kubernetes/typed/scheduling/v1alpha1","kubernetes/typed/settings/v1alpha1","kubernetes/typed/storage/v1","kubernetes/typed/storage/v1beta1","listers/admissionregistration/v1alpha1","listers/apps/v1beta1","listers/apps/v1beta2","listers/autoscaling/v1","listers/autoscaling/v2beta1","listers/batch/v1","listers/batch/v1beta1","listers/batch/v2alpha1","listers/certificates/v1beta1","listers/core/v1","listers/extensions/v1beta1","listers/networking/v1","listers/policy/v1beta1","listers/rbac/v1","listers/rbac/v1alpha1","listers/rbac/v1beta1","listers/scheduling/v1alpha1","listers/settings/v1alpha1","listers/storage/v1","listers/storage/v1beta1","pkg/version","rest","rest/watch","tools/auth","tools/cache","tools/clientcmd","tools/clientcmd/api","tools/clientcmd/api/latest","tools/clientcmd/api/v1","tools/leaderelection","tools/leaderelection/resourcelock","tools/metrics","tools/pager","tools/record","tools/reference","transport","util/cert","util/flowcontrol","util/homedir","util/integer","util/retry","util/workqueue"]
  revision = "35874c597fed17ca62cd197e516d7d5ff9a2958c"
  version = "v5.0.0"

[[projects]]
  branch = "master"
  name = "k8s.io/kube-openapi"
  packages = ["pkg/common"]
  revision = "61b46af70dfed79c6d24530cd23b41440a7f22a5"

[[projects]]
  name = "k8s.io/kubernetes"
  packages = ["cmd/cloud-controller-manager/app","cmd/cloud-controller-manager/app/options","cmd/kubeadm/app/constants","pkg/api","pkg/api/helper","pkg/api/install","pkg/api/service","pkg/api/util","pkg/api/v1","pkg/api/v1/helper","pkg/api/v1/node","pkg/api/v1/pod","pkg/api/v1/service","pkg/api/validation","pkg/apis/componentconfig","pkg/apis/extensions","pkg/apis/networking","pkg/apis/scheduling","pkg/capabilities","pkg/client/leaderelectionconfig","pkg/client/metrics","pkg/client/metrics/prometheus","pkg/cloudprovider","pkg/cloudprovider/providers","pkg/cloudprovider/providers/aws","pkg/cloudprovider/providers/azure","pkg/cloudprovider/providers/cloudstack","pkg/cloudprovider/providers/gce","pkg/cloudprovider/providers/openstack","pkg/cloudprovider/providers/ovirt","pkg/cloudprovider/providers/photon","pkg/cloudprovider/providers/rackspace","pkg/cloudprovider/providers/vsphere","pkg/cloudprovider/providers/vsphere/vclib","pkg/cloudprovider/providers/vsphere/vclib/diskmanagers","pkg/controller","pkg/controller/cloud","pkg/controller/route","pkg/controller/service","pkg/credentialprovider","pkg/credentialprovider/aws","pkg/features","pkg/kubelet/apis","pkg/kubelet/types","pkg/master/ports","pkg/security/apparmor","pkg/serviceaccount","pkg/util/configz","pkg/util/file","pkg/util/hash","pkg/util/io","pkg/util/metrics","pkg/util/mount","pkg/util/net/sets","pkg/util/node","pkg/util/parsers","pkg/util/pointer","pkg/util/taints","pkg/util/version","pkg/version","pkg/version/prometheus","pkg/version/verflag","pkg/volume","pkg/volume/util","plugin/pkg/scheduler/algorithm","plugin/pkg/scheduler/algorithm/priorities/util","plugin/pkg/scheduler/api","plugin/pkg/scheduler/schedulercache","plugin/pkg/scheduler/util"]
  revision = "f38e43b221d08850172a9a4ea785a86a3ffa3b3a"
  version = "v1.8.1"

[[projects]]
  branch = "master"
  name = "k8s.io/utils"
  packages = ["exec"]
  revision = "1dbc8f1cec395db25b912b93257c400765c08146"

[solve-meta]
  analyzer-name = "dep"
  analyzer-version = 1
  inputs-digest = "961ceca89c3e47be5a02706339335babf69a30cf167bd9bba94dc08dbdd15a74"
  solver-name = "gps-cdcl"
  solver-version = 1
